
Microsoft Visual Studio Solution File, Format Version 12.00
# Visual Studio Version 16
VisualStudioVersion = 16.0.30002.166
MinimumVisualStudioVersion = 10.0.40219.1
Project("{FAE04EC0-301F-11D3-BF4B-00C04F79EFBC}") = "rpf2fivem", "rpf2fivem.csproj", "{1E4A069E-3FFA-4C9B-A5B4-635385084EE4}"
EndProject
Global
	GlobalSection(SolutionConfigurationPlatforms) = preSolution
		Debug|Any CPU = Debug|Any CPU
		Release|Any CPU = Release|Any CPU
	EndGlobalSection
	GlobalSection(ProjectConfigurationPlatforms) = postSolution
		{1E4A069E-3FFA-4C9B-A5B4-635385084EE4}.Debug|Any CPU.ActiveCfg = Debug|Any CPU
		{1E4A069E-3FFA-4C9B-A5B4-635385084EE4}.Debug|Any CPU.Build.0 = Debug|Any CPU
		{1E4A069E-3FFA-4C9B-A5B4-635385084EE4}.Release|Any CPU.ActiveCfg = Release|Any CPU
		{1E4A069E-3FFA-4C9B-A5B4-635385084EE4}.Release|Any CPU.Build.0 = Release|Any CPU
	EndGlobalSection
	GlobalSection(SolutionProperties) = preSolution
		HideSolutionNode = FALSE
	EndGlobalSection
	GlobalSection(ExtensibilityGlobals) = postSolution
		SolutionGuid = {25002E05-E533-4781-93F8-E987E7945317}
	EndGlobalSection
EndGlobal
